
Microsoft Visual Studio Solution File, Format Version 12.00
# Visual Studio Version 17
VisualStudioVersion = 17.11.35312.102
MinimumVisualStudioVersion = 10.0.40219.1
Project("{9A19103F-16F7-4668-BE54-9A1E7A4F7556}") = "TerminEnjtja", "TerminEnjtja\TerminEnjtja.csproj", "{CC4B3686-BBA8-42EE-95E9-F779D6DA0B64}"
EndProject
Global
	GlobalSection(SolutionConfigurationPlatforms) = preSolution
		Debug|Any CPU = Debug|Any CPU
		Release|Any CPU = Release|Any CPU
	EndGlobalSection
	GlobalSection(ProjectConfigurationPlatforms) = postSolution
		{CC4B3686-BBA8-42EE-95E9-F779D6DA0B64}.Debug|Any CPU.ActiveCfg = Debug|Any CPU
		{CC4B3686-BBA8-42EE-95E9-F779D6DA0B64}.Debug|Any CPU.Build.0 = Debug|Any CPU
		{CC4B3686-BBA8-42EE-95E9-F779D6DA0B64}.Release|Any CPU.ActiveCfg = Release|Any CPU
		{CC4B3686-BBA8-42EE-95E9-F779D6DA0B64}.Release|Any CPU.Build.0 = Release|Any CPU
	EndGlobalSection
	GlobalSection(SolutionProperties) = preSolution
		HideSolutionNode = FALSE
	EndGlobalSection
	GlobalSection(ExtensibilityGlobals) = postSolution
		SolutionGuid = {96784FD4-833A-47BD-96B0-266A48336A08}
	EndGlobalSection
EndGlobal
